
Microsoft Visual Studio Solution File, Format Version 12.00
# Visual Studio Version 17
VisualStudioVersion = 17.10.34928.147
MinimumVisualStudioVersion = 10.0.40219.1
Project("{FAE04EC0-301F-11D3-BF4B-00C04F79EFBC}") = "Vijayalakshmi_Industries", "Vijayalakshmi_Industries.csproj", "{CC9369D5-51CA-46C1-9F74-55E1FA1FE496}"
EndProject
Global
	GlobalSection(SolutionConfigurationPlatforms) = preSolution
		Debug|Any CPU = Debug|Any CPU
		Release|Any CPU = Release|Any CPU
	EndGlobalSection
	GlobalSection(ProjectConfigurationPlatforms) = postSolution
		{CC9369D5-51CA-46C1-9F74-55E1FA1FE496}.Debug|Any CPU.ActiveCfg = Debug|Any CPU
		{CC9369D5-51CA-46C1-9F74-55E1FA1FE496}.Debug|Any CPU.Build.0 = Debug|Any CPU
		{CC9369D5-51CA-46C1-9F74-55E1FA1FE496}.Release|Any CPU.ActiveCfg = Release|Any CPU
		{CC9369D5-51CA-46C1-9F74-55E1FA1FE496}.Release|Any CPU.Build.0 = Release|Any CPU
	EndGlobalSection
	GlobalSection(SolutionProperties) = preSolution
		HideSolutionNode = FALSE
	EndGlobalSection
	GlobalSection(ExtensibilityGlobals) = postSolution
		SolutionGuid = {145FA4F6-89DA-42CD-BD9A-94104B77297A}
	EndGlobalSection
EndGlobal
